
Microsoft Visual Studio Solution File, Format Version 12.00
# Visual Studio 2017
Project("{FAE04EC0-301F-11D3-BF4B-00C04F79EFBC}") = "Sojong2_Unity", "Sojong2_Unity.csproj", "{4AB5E58A-B6F2-F7DC-0AC0-973911600BE4}"
EndProject
Project("{FAE04EC0-301F-11D3-BF4B-00C04F79EFBC}") = "Sojong2_Unity.Editor", "Sojong2_Unity.Editor.csproj", "{EA105F38-43BA-8621-87D7-1040D29FF3C1}"
EndProject
Global
	GlobalSection(SolutionConfigurationPlatforms) = preSolution
		Debug|Any CPU = Debug|Any CPU
		Release|Any CPU = Release|Any CPU
	EndGlobalSection
	GlobalSection(ProjectConfigurationPlatforms) = postSolution
		{4AB5E58A-B6F2-F7DC-0AC0-973911600BE4}.Debug|Any CPU.ActiveCfg = Debug|Any CPU
		{4AB5E58A-B6F2-F7DC-0AC0-973911600BE4}.Debug|Any CPU.Build.0 = Debug|Any CPU
		{4AB5E58A-B6F2-F7DC-0AC0-973911600BE4}.Release|Any CPU.ActiveCfg = Release|Any CPU
		{4AB5E58A-B6F2-F7DC-0AC0-973911600BE4}.Release|Any CPU.Build.0 = Release|Any CPU
		{EA105F38-43BA-8621-87D7-1040D29FF3C1}.Debug|Any CPU.ActiveCfg = Debug|Any CPU
		{EA105F38-43BA-8621-87D7-1040D29FF3C1}.Debug|Any CPU.Build.0 = Debug|Any CPU
		{EA105F38-43BA-8621-87D7-1040D29FF3C1}.Release|Any CPU.ActiveCfg = Release|Any CPU
		{EA105F38-43BA-8621-87D7-1040D29FF3C1}.Release|Any CPU.Build.0 = Release|Any CPU
	EndGlobalSection
	GlobalSection(SolutionProperties) = preSolution
		HideSolutionNode = FALSE
	EndGlobalSection
EndGlobal
